
Microsoft Visual Studio Solution File, Format Version 12.00
# Visual Studio 15
VisualStudioVersion = 15.0.28307.852
MinimumVisualStudioVersion = 10.0.40219.1
Project("{FAE04EC0-301F-11D3-BF4B-00C04F79EFBC}") = "prj_Cesi_KARAKUS", "prj_Cesi_KARAKUS\prj_Cesi_KARAKUS.csproj", "{ABF05FE4-C8D3-44F4-B7C8-13737558F3F4}"
EndProject
Global
	GlobalSection(SolutionConfigurationPlatforms) = preSolution
		Debug|Any CPU = Debug|Any CPU
		Release|Any CPU = Release|Any CPU
	EndGlobalSection
	GlobalSection(ProjectConfigurationPlatforms) = postSolution
		{ABF05FE4-C8D3-44F4-B7C8-13737558F3F4}.Debug|Any CPU.ActiveCfg = Debug|Any CPU
		{ABF05FE4-C8D3-44F4-B7C8-13737558F3F4}.Debug|Any CPU.Build.0 = Debug|Any CPU
		{ABF05FE4-C8D3-44F4-B7C8-13737558F3F4}.Release|Any CPU.ActiveCfg = Release|Any CPU
		{ABF05FE4-C8D3-44F4-B7C8-13737558F3F4}.Release|Any CPU.Build.0 = Release|Any CPU
	EndGlobalSection
	GlobalSection(SolutionProperties) = preSolution
		HideSolutionNode = FALSE
	EndGlobalSection
	GlobalSection(ExtensibilityGlobals) = postSolution
		SolutionGuid = {75599244-1284-4F33-9393-8D1E4E3F3E3F}
	EndGlobalSection
EndGlobal
